
Microsoft Visual Studio Solution File, Format Version 12.00
# Visual Studio Version 17
VisualStudioVersion = 17.3.32929.385
MinimumVisualStudioVersion = 10.0.40219.1
Project("{FAE04EC0-301F-11D3-BF4B-00C04F79EFBC}") = "CobroServicioUF", "CobroServicioUF\CobroServicioUF.csproj", "{85AC6039-3803-4CC2-93D7-2E9343F4A957}"
EndProject
Global
	GlobalSection(SolutionConfigurationPlatforms) = preSolution
		Debug|Any CPU = Debug|Any CPU
		Release|Any CPU = Release|Any CPU
	EndGlobalSection
	GlobalSection(ProjectConfigurationPlatforms) = postSolution
		{85AC6039-3803-4CC2-93D7-2E9343F4A957}.Debug|Any CPU.ActiveCfg = Debug|Any CPU
		{85AC6039-3803-4CC2-93D7-2E9343F4A957}.Debug|Any CPU.Build.0 = Debug|Any CPU
		{85AC6039-3803-4CC2-93D7-2E9343F4A957}.Release|Any CPU.ActiveCfg = Release|Any CPU
		{85AC6039-3803-4CC2-93D7-2E9343F4A957}.Release|Any CPU.Build.0 = Release|Any CPU
	EndGlobalSection
	GlobalSection(SolutionProperties) = preSolution
		HideSolutionNode = FALSE
	EndGlobalSection
	GlobalSection(ExtensibilityGlobals) = postSolution
		SolutionGuid = {A254679D-E508-4625-BCB0-67D43EF9FEAE}
	EndGlobalSection
EndGlobal
